// !$*UTF8*$!
{
	archiveVersion = 1;
	classes = {
	};
	objectVersion = 55;
	objects = {

/* Begin PBXBuildFile section */
		BD3AD2C128A3F0E500D1055E /* AppDelegate.swift in Sources */ = {isa = PBXBuildFile; fileRef = BD3AD2C028A3F0E500D1055E /* AppDelegate.swift */; };
		BD3AD2C328A3F0E500D1055E /* SceneDelegate.swift in Sources */ = {isa = PBXBuildFile; fileRef = BD3AD2C228A3F0E500D1055E /* SceneDelegate.swift */; };
		BD3AD2C528A3F0E500D1055E /* ViewController.swift in Sources */ = {isa = PBXBuildFile; fileRef = BD3AD2C428A3F0E500D1055E /* ViewController.swift */; };
		BD3AD2C828A3F0E500D1055E /* Main.storyboard in Resources */ = {isa = PBXBuildFile; fileRef = BD3AD2C628A3F0E500D1055E /* Main.storyboard */; };
		BD3AD2CB28A3F0E500D1055E /* Intro_to_Xcode_Storyboard.xcdatamodeld in Sources */ = {isa = PBXBuildFile; fileRef = BD3AD2C928A3F0E500D1055E /* Intro_to_Xcode_Storyboard.xcdatamodeld */; };
		BD3AD2CD28A3F0E800D1055E /* Assets.xcassets in Resources */ = {isa = PBXBuildFile; fileRef = BD3AD2CC28A3F0E800D1055E /* Assets.xcassets */; };
		BD3AD2D028A3F0E800D1055E /* LaunchScreen.storyboard in Resources */ = {isa = PBXBuildFile; fileRef = BD3AD2CE28A3F0E800D1055E /* LaunchScreen.storyboard */; };
		BD3AD2DB28A3F0E800D1055E /* Intro_to_Xcode_StoryboardTests.swift in Sources */ = {isa = PBXBuildFile; fileRef = BD3AD2DA28A3F0E800D1055E /* Intro_to_Xcode_StoryboardTests.swift */; };
		BD3AD2E528A3F0E800D1055E /* Intro_to_Xcode_StoryboardUITests.swift in Sources */ = {isa = PBXBuildFile; fileRef = BD3AD2E428A3F0E800D1055E /* Intro_to_Xcode_StoryboardUITests.swift */; };
		BD3AD2E728A3F0E800D1055E /* Intro_to_Xcode_StoryboardUITestsLaunchTests.swift in Sources */ = {isa = PBXBuildFile; fileRef = BD3AD2E628A3F0E800D1055E /* Intro_to_Xcode_StoryboardUITestsLaunchTests.swift */; };
/* End PBXBuildFile section */

/* Begin PBXContainerItemProxy section */
		BD3AD2D728A3F0E800D1055E /* PBXContainerItemProxy */ = {
			isa = PBXContainerItemProxy;
			containerPortal = BD3AD2B528A3F0E500D1055E /* Project object */;
			proxyType = 1;
			remoteGlobalIDString = BD3AD2BC28A3F0E500D1055E;
			remoteInfo = "Intro-to-Xcode&Storyboard";
		};
		BD3AD2E128A3F0E800D1055E /* PBXContainerItemProxy */ = {
			isa = PBXContainerItemProxy;
			containerPortal = BD3AD2B528A3F0E500D1055E /* Project object */;
			proxyType = 1;
			remoteGlobalIDString = BD3AD2BC28A3F0E500D1055E;
			remoteInfo = "Intro-to-Xcode&Storyboard";
		};
/* End PBXContainerItemProxy section */

/* Begin PBXFileReference section */
		BD3AD2BD28A3F0E500D1055E /* Intro-to-Xcode&Storyboard.app */ = {isa = PBXFileReference; explicitFileType = wrapper.application; includeInIndex = 0; path = "Intro-to-Xcode&Storyboard.app"; sourceTree = BUILT_PRODUCTS_DIR; };
		BD3AD2C028A3F0E500D1055E /* AppDelegate.swift */ = {isa = PBXFileReference; lastKnownFileType = sourcecode.swift; path = AppDelegate.swift; sourceTree = "<group>"; };
		BD3AD2C228A3F0E500D1055E /* SceneDelegate.swift */ = {isa = PBXFileReference; lastKnownFileType = sourcecode.swift; path = SceneDelegate.swift; sourceTree = "<group>"; };
		BD3AD2C428A3F0E500D1055E /* ViewController.swift */ = {isa = PBXFileReference; lastKnownFileType = sourcecode.swift; path = ViewController.swift; sourceTree = "<group>"; };
		BD3AD2C728A3F0E500D1055E /* Base */ = {isa = PBXFileReference; lastKnownFileType = file.storyboard; name = Base; path = Base.lproj/Main.storyboard; sourceTree = "<group>"; };
		BD3AD2CA28A3F0E500D1055E /* Intro_to_Xcode_Storyboard.xcdatamodel */ = {isa = PBXFileReference; lastKnownFileType = wrapper.xcdatamodel; path = Intro_to_Xcode_Storyboard.xcdatamodel; sourceTree = "<group>"; };
		BD3AD2CC28A3F0E800D1055E /* Assets.xcassets */ = {isa = PBXFileReference; lastKnownFileType = folder.assetcatalog; path = Assets.xcassets; sourceTree = "<group>"; };
		BD3AD2CF28A3F0E800D1055E /* Base */ = {isa = PBXFileReference; lastKnownFileType = file.storyboard; name = Base; path = Base.lproj/LaunchScreen.storyboard; sourceTree = "<group>"; };
		BD3AD2D128A3F0E800D1055E /* Info.plist */ = {isa = PBXFileReference; lastKnownFileType = text.plist.xml; path = Info.plist; sourceTree = "<group>"; };
		BD3AD2D628A3F0E800D1055E /* Intro-to-Xcode&StoryboardTests.xctest */ = {isa = PBXFileReference; explicitFileType = wrapper.cfbundle; includeInIndex = 0; path = "Intro-to-Xcode&StoryboardTests.xctest"; sourceTree = BUILT_PRODUCTS_DIR; };
		BD3AD2DA28A3F0E800D1055E /* Intro_to_Xcode_StoryboardTests.swift */ = {isa = PBXFileReference; lastKnownFileType = sourcecode.swift; path = Intro_to_Xcode_StoryboardTests.swift; sourceTree = "<group>"; };
		BD3AD2E028A3F0E800D1055E /* Intro-to-Xcode&StoryboardUITests.xctest */ = {isa = PBXFileReference; explicitFileType = wrapper.cfbundle; includeInIndex = 0; path = "Intro-to-Xcode&StoryboardUITests.xctest"; sourceTree = BUILT_PRODUCTS_DIR; };
		BD3AD2E428A3F0E800D1055E /* Intro_to_Xcode_StoryboardUITests.swift */ = {isa = PBXFileReference; lastKnownFileType = sourcecode.swift; path = Intro_to_Xcode_StoryboardUITests.swift; sourceTree = "<group>"; };
		BD3AD2E628A3F0E800D1055E /* Intro_to_Xcode_StoryboardUITestsLaunchTests.swift */ = {isa = PBXFileReference; lastKnownFileType = sourcecode.swift; path = Intro_to_Xcode_StoryboardUITestsLaunchTests.swift; sourceTree = "<group>"; };
/* End PBXFileReference section */

/* Begin PBXFrameworksBuildPhase section */
		BD3AD2BA28A3F0E500D1055E /* Frameworks */ = {
			isa = PBXFrameworksBuildPhase;
			buildActionMask = 2147483647;
			files = (
			);
			runOnlyForDeploymentPostprocessing = 0;
		};
		BD3AD2D328A3F0E800D1055E /* Frameworks */ = {
			isa = PBXFrameworksBuildPhase;
			buildActionMask = 2147483647;
			files = (
			);
			runOnlyForDeploymentPostprocessing = 0;
		};
		BD3AD2DD28A3F0E800D1055E /* Frameworks */ = {
			isa = PBXFrameworksBuildPhase;
			buildActionMask = 2147483647;
			files = (
			);
			runOnlyForDeploymentPostprocessing = 0;
		};
/* End PBXFrameworksBuildPhase section */

/* Begin PBXGroup section */
		BD3AD2B428A3F0E500D1055E = {
			isa = PBXGroup;
			children = (
				BD3AD2BF28A3F0E500D1055E /* Intro-to-Xcode&Storyboard */,
				BD3AD2D928A3F0E800D1055E /* Intro-to-Xcode&StoryboardTests */,
				BD3AD2E328A3F0E800D1055E /* Intro-to-Xcode&StoryboardUITests */,
				BD3AD2BE28A3F0E500D1055E /* Products */,
			);
			sourceTree = "<group>";
		};
		BD3AD2BE28A3F0E500D1055E /* Products */ = {
			isa = PBXGroup;
			children = (
				BD3AD2BD28A3F0E500D1055E /* Intro-to-Xcode&Storyboard.app */,
				BD3AD2D628A3F0E800D1055E /* Intro-to-Xcode&StoryboardTests.xctest */,
				BD3AD2E028A3F0E800D1055E /* Intro-to-Xcode&StoryboardUITests.xctest */,
			);
			name = Products;
			sourceTree = "<group>";
		};
		BD3AD2BF28A3F0E500D1055E /* Intro-to-Xcode&Storyboard */ = {
			isa = PBXGroup;
			children = (
				BD3AD2C028A3F0E500D1055E /* AppDelegate.swift */,
				BD3AD2C228A3F0E500D1055E /* SceneDelegate.swift */,
				BD3AD2C428A3F0E500D1055E /* ViewController.swift */,
				BD3AD2C628A3F0E500D1055E /* Main.storyboard */,
				BD3AD2CC28A3F0E800D1055E /* Assets.xcassets */,
				BD3AD2CE28A3F0E800D1055E /* LaunchScreen.storyboard */,
				BD3AD2D128A3F0E800D1055E /* Info.plist */,
				BD3AD2C928A3F0E500D1055E /* Intro_to_Xcode_Storyboard.xcdatamodeld */,
			);
			path = "Intro-to-Xcode&Storyboard";
			sourceTree = "<group>";
		};
		BD3AD2D928A3F0E800D1055E /* Intro-to-Xcode&StoryboardTests */ = {
			isa = PBXGroup;
			children = (
				BD3AD2DA28A3F0E800D1055E /* Intro_to_Xcode_StoryboardTests.swift */,
			);
			path = "Intro-to-Xcode&StoryboardTests";
			sourceTree = "<group>";
		};
		BD3AD2E328A3F0E800D1055E /* Intro-to-Xcode&StoryboardUITests */ = {
			isa = PBXGroup;
			children = (
				BD3AD2E428A3F0E800D1055E /* Intro_to_Xcode_StoryboardUITests.swift */,
				BD3AD2E628A3F0E800D1055E /* Intro_to_Xcode_StoryboardUITestsLaunchTests.swift */,
			);
			path = "Intro-to-Xcode&StoryboardUITests";
			sourceTree = "<group>";
		};
/* End PBXGroup section */

/* Begin PBXNativeTarget section */
		BD3AD2BC28A3F0E500D1055E /* Intro-to-Xcode&Storyboard */ = {
			isa = PBXNativeTarget;
			buildConfigurationList = BD3AD2EA28A3F0E800D1055E /* Build configuration list for PBXNativeTarget "Intro-to-Xcode&Storyboard" */;
			buildPhases = (
				BD3AD2B928A3F0E500D1055E /* Sources */,
				BD3AD2BA28A3F0E500D1055E /* Frameworks */,
				BD3AD2BB28A3F0E500D1055E /* Resources */,
			);
			buildRules = (
			);
			dependencies = (
			);
			name = "Intro-to-Xcode&Storyboard";
			productName = "Intro-to-Xcode&Storyboard";
			productReference = BD3AD2BD28A3F0E500D1055E /* Intro-to-Xcode&Storyboard.app */;
			productType = "com.apple.product-type.application";
		};
		BD3AD2D528A3F0E800D1055E /* Intro-to-Xcode&StoryboardTests */ = {
			isa = PBXNativeTarget;
			buildConfigurationList = BD3AD2ED28A3F0E800D1055E /* Build configuration list for PBXNativeTarget "Intro-to-Xcode&StoryboardTests" */;
			buildPhases = (
				BD3AD2D228A3F0E800D1055E /* Sources */,
				BD3AD2D328A3F0E800D1055E /* Frameworks */,
				BD3AD2D428A3F0E800D1055E /* Resources */,
			);
			buildRules = (
			);
			dependencies = (
				BD3AD2D828A3F0E800D1055E /* PBXTargetDependency */,
			);
			name = "Intro-to-Xcode&StoryboardTests";
			productName = "Intro-to-Xcode&StoryboardTests";
			productReference = BD3AD2D628A3F0E800D1055E /* Intro-to-Xcode&StoryboardTests.xctest */;
			productType = "com.apple.product-type.bundle.unit-test";
		};
		BD3AD2DF28A3F0E800D1055E /* Intro-to-Xcode&StoryboardUITests */ = {
			isa = PBXNativeTarget;
			buildConfigurationList = BD3AD2F028A3F0E800D1055E /* Build configuration list for PBXNativeTarget "Intro-to-Xcode&StoryboardUITests" */;
			buildPhases = (
				BD3AD2DC28A3F0E800D1055E /* Sources */,
				BD3AD2DD28A3F0E800D1055E /* Frameworks */,
				BD3AD2DE28A3F0E800D1055E /* Resources */,
			);
			buildRules = (
			);
			dependencies = (
				BD3AD2E228A3F0E800D1055E /* PBXTargetDependency */,
			);
			name = "Intro-to-Xcode&StoryboardUITests";
			productName = "Intro-to-Xcode&StoryboardUITests";
			productReference = BD3AD2E028A3F0E800D1055E /* Intro-to-Xcode&StoryboardUITests.xctest */;
			productType = "com.apple.product-type.bundle.ui-testing";
		};
/* End PBXNativeTarget section */

/* Begin PBXProject section */
		BD3AD2B528A3F0E500D1055E /* Project object */ = {
			isa = PBXProject;
			attributes = {
				BuildIndependentTargetsInParallel = 1;
				LastSwiftUpdateCheck = 1340;
				LastUpgradeCheck = 1340;
				TargetAttributes = {
					BD3AD2BC28A3F0E500D1055E = {
						CreatedOnToolsVersion = 13.4.1;
					};
					BD3AD2D528A3F0E800D1055E = {
						CreatedOnToolsVersion = 13.4.1;
						TestTargetID = BD3AD2BC28A3F0E500D1055E;
					};
					BD3AD2DF28A3F0E800D1055E = {
						CreatedOnToolsVersion = 13.4.1;
						TestTargetID = BD3AD2BC28A3F0E500D1055E;
					};
				};
			};
			buildConfigurationList = BD3AD2B828A3F0E500D1055E /* Build configuration list for PBXProject "Intro-to-Xcode&Storyboard" */;
			compatibilityVersion = "Xcode 13.0";
			developmentRegion = en;
			hasScannedForEncodings = 0;
			knownRegions = (
				en,
				Base,
			);
			mainGroup = BD3AD2B428A3F0E500D1055E;
			productRefGroup = BD3AD2BE28A3F0E500D1055E /* Products */;
			projectDirPath = "";
			projectRoot = "";
			targets = (
				BD3AD2BC28A3F0E500D1055E /* Intro-to-Xcode&Storyboard */,
				BD3AD2D528A3F0E800D1055E /* Intro-to-Xcode&StoryboardTests */,
				BD3AD2DF28A3F0E800D1055E /* Intro-to-Xcode&StoryboardUITests */,
			);
		};
/* End PBXProject section */

/* Begin PBXResourcesBuildPhase section */
		BD3AD2BB28A3F0E500D1055E /* Resources */ = {
			isa = PBXResourcesBuildPhase;
			buildActionMask = 2147483647;
			files = (
				BD3AD2D028A3F0E800D1055E /* LaunchScreen.storyboard in Resources */,
				BD3AD2CD28A3F0E800D1055E /* Assets.xcassets in Resources */,
				BD3AD2C828A3F0E500D1055E /* Main.storyboard in Resources */,
			);
			runOnlyForDeploymentPostprocessing = 0;
		};
		BD3AD2D428A3F0E800D1055E /* Resources */ = {
			isa = PBXResourcesBuildPhase;
			buildActionMask = 2147483647;
			files = (
			);
			runOnlyForDeploymentPostprocessing = 0;
		};
		BD3AD2DE28A3F0E800D1055E /* Resources */ = {
			isa = PBXResourcesBuildPhase;
			buildActionMask = 2147483647;
			files = (
			);
			runOnlyForDeploymentPostprocessing = 0;
		};
/* End PBXResourcesBuildPhase section */

/* Begin PBXSourcesBuildPhase section */
		BD3AD2B928A3F0E500D1055E /* Sources */ = {
			isa = PBXSourcesBuildPhase;
			buildActionMask = 2147483647;
			files = (
				BD3AD2C528A3F0E500D1055E /* ViewController.swift in Sources */,
				BD3AD2C128A3F0E500D1055E /* AppDelegate.swift in Sources */,
				BD3AD2CB28A3F0E500D1055E /* Intro_to_Xcode_Storyboard.xcdatamodeld in Sources */,
				BD3AD2C328A3F0E500D1055E /* SceneDelegate.swift in Sources */,
			);
			runOnlyForDeploymentPostprocessing = 0;
		};
		BD3AD2D228A3F0E800D1055E /* Sources */ = {
			isa = PBXSourcesBuildPhase;
			buildActionMask = 2147483647;
			files = (
				BD3AD2DB28A3F0E800D1055E /* Intro_to_Xcode_StoryboardTests.swift in Sources */,
			);
			runOnlyForDeploymentPostprocessing = 0;
		};
		BD3AD2DC28A3F0E800D1055E /* Sources */ = {
			isa = PBXSourcesBuildPhase;
			buildActionMask = 2147483647;
			files = (
				BD3AD2E528A3F0E800D1055E /* Intro_to_Xcode_StoryboardUITests.swift in Sources */,
				BD3AD2E728A3F0E800D1055E /* Intro_to_Xcode_StoryboardUITestsLaunchTests.swift in Sources */,
			);
			runOnlyForDeploymentPostprocessing = 0;
		};
/* End PBXSourcesBuildPhase section */

/* Begin PBXTargetDependency section */
		BD3AD2D828A3F0E800D1055E /* PBXTargetDependency */ = {
			isa = PBXTargetDependency;
			target = BD3AD2BC28A3F0E500D1055E /* Intro-to-Xcode&Storyboard */;
			targetProxy = BD3AD2D728A3F0E800D1055E /* PBXContainerItemProxy */;
		};
		BD3AD2E228A3F0E800D1055E /* PBXTargetDependency */ = {
			isa = PBXTargetDependency;
			target = BD3AD2BC28A3F0E500D1055E /* Intro-to-Xcode&Storyboard */;
			targetProxy = BD3AD2E128A3F0E800D1055E /* PBXContainerItemProxy */;
		};
/* End PBXTargetDependency section */

/* Begin PBXVariantGroup section */
		BD3AD2C628A3F0E500D1055E /* Main.storyboard */ = {
			isa = PBXVariantGroup;
			children = (
				BD3AD2C728A3F0E500D1055E /* Base */,
			);
			name = Main.storyboard;
			sourceTree = "<group>";
		};
		BD3AD2CE28A3F0E800D1055E /* LaunchScreen.storyboard */ = {
			isa = PBXVariantGroup;
			children = (
				BD3AD2CF28A3F0E800D1055E /* Base */,
			);
			name = LaunchScreen.storyboard;
			sourceTree = "<group>";
		};
/* End PBXVariantGroup section */

/* Begin XCBuildConfiguration section */
		BD3AD2E828A3F0E800D1055E /* Debug */ = {
			isa = XCBuildConfiguration;
			buildSettings = {
				ALWAYS_SEARCH_USER_PATHS = NO;
				CLANG_ANALYZER_NONNULL = YES;
				CLANG_ANALYZER_NUMBER_OBJECT_CONVERSION = YES_AGGRESSIVE;
				CLANG_CXX_LANGUAGE_STANDARD = "gnu++17";
				CLANG_ENABLE_MODULES = YES;
				CLANG_ENABLE_OBJC_ARC = YES;
				CLANG_ENABLE_OBJC_WEAK = YES;
				CLANG_WARN_BLOCK_CAPTURE_AUTORELEASING = YES;
				CLANG_WARN_BOOL_CONVERSION = YES;
				CLANG_WARN_COMMA = YES;
				CLANG_WARN_CONSTANT_CONVERSION = YES;
				CLANG_WARN_DEPRECATED_OBJC_IMPLEMENTATIONS = YES;
				CLANG_WARN_DIRECT_OBJC_ISA_USAGE = YES_ERROR;
				CLANG_WARN_DOCUMENTATION_COMMENTS = YES;
				CLANG_WARN_EMPTY_BODY = YES;
				CLANG_WARN_ENUM_CONVERSION = YES;
				CLANG_WARN_INFINITE_RECURSION = YES;
				CLANG_WARN_INT_CONVERSION = YES;
				CLANG_WARN_NON_LITERAL_NULL_CONVERSION = YES;
				CLANG_WARN_OBJC_IMPLICIT_RETAIN_SELF = YES;
				CLANG_WARN_OBJC_LITERAL_CONVERSION = YES;
				CLANG_WARN_OBJC_ROOT_CLASS = YES_ERROR;
				CLANG_WARN_QUOTED_INCLUDE_IN_FRAMEWORK_HEADER = YES;
				CLANG_WARN_RANGE_LOOP_ANALYSIS = YES;
				CLANG_WARN_STRICT_PROTOTYPES = YES;
				CLANG_WARN_SUSPICIOUS_MOVE = YES;
				CLANG_WARN_UNGUARDED_AVAILABILITY = YES_AGGRESSIVE;
				CLANG_WARN_UNREACHABLE_CODE = YES;
				CLANG_WARN__DUPLICATE_METHOD_MATCH = YES;
				COPY_PHASE_STRIP = NO;
				DEBUG_INFORMATION_FORMAT = dwarf;
				ENABLE_STRICT_OBJC_MSGSEND = YES;
				ENABLE_TESTABILITY = YES;
				GCC_C_LANGUAGE_STANDARD = gnu11;
				GCC_DYNAMIC_NO_PIC = NO;
				GCC_NO_COMMON_BLOCKS = YES;
				GCC_OPTIMIZATION_LEVEL = 0;
				GCC_PREPROCESSOR_DEFINITIONS = (
					"DEBUG=1",
					"$(inherited)",
				);
				GCC_WARN_64_TO_32_BIT_CONVERSION = YES;
				GCC_WARN_ABOUT_RETURN_TYPE = YES_ERROR;
				GCC_WARN_UNDECLARED_SELECTOR = YES;
				GCC_WARN_UNINITIALIZED_AUTOS = YES_AGGRESSIVE;
				GCC_WARN_UNUSED_FUNCTION = YES;
				GCC_WARN_UNUSED_VARIABLE = YES;
				IPHONEOS_DEPLOYMENT_TARGET = 15.5;
				MTL_ENABLE_DEBUG_INFO = INCLUDE_SOURCE;
				MTL_FAST_MATH = YES;
				ONLY_ACTIVE_ARCH = YES;
				SDKROOT = iphoneos;
				SWIFT_ACTIVE_COMPILATION_CONDITIONS = DEBUG;
				SWIFT_OPTIMIZATION_LEVEL = "-Onone";
			};
			name = Debug;
		};
		BD3AD2E928A3F0E800D1055E /* Release */ = {
			isa = XCBuildConfiguration;
			buildSettings = {
				ALWAYS_SEARCH_USER_PATHS = NO;
				CLANG_ANALYZER_NONNULL = YES;
				CLANG_ANALYZER_NUMBER_OBJECT_CONVERSION = YES_AGGRESSIVE;
				CLANG_CXX_LANGUAGE_STANDARD = "gnu++17";
				CLANG_ENABLE_MODULES = YES;
				CLANG_ENABLE_OBJC_ARC = YES;
				CLANG_ENABLE_OBJC_WEAK = YES;
				CLANG_WARN_BLOCK_CAPTURE_AUTORELEASING = YES;
				CLANG_WARN_BOOL_CONVERSION = YES;
				CLANG_WARN_COMMA = YES;
				CLANG_WARN_CONSTANT_CONVERSION = YES;
				CLANG_WARN_DEPRECATED_OBJC_IMPLEMENTATIONS = YES;
				CLANG_WARN_DIRECT_OBJC_ISA_USAGE = YES_ERROR;
				CLANG_WARN_DOCUMENTATION_COMMENTS = YES;
				CLANG_WARN_EMPTY_BODY = YES;
				CLANG_WARN_ENUM_CONVERSION = YES;
				CLANG_WARN_INFINITE_RECURSION = YES;
				CLANG_WARN_INT_CONVERSION = YES;
				CLANG_WARN_NON_LITERAL_NULL_CONVERSION = YES;
				CLANG_WARN_OBJC_IMPLICIT_RETAIN_SELF = YES;
				CLANG_WARN_OBJC_LITERAL_CONVERSION = YES;
				CLANG_WARN_OBJC_ROOT_CLASS = YES_ERROR;
				CLANG_WARN_QUOTED_INCLUDE_IN_FRAMEWORK_HEADER = YES;
				CLANG_WARN_RANGE_LOOP_ANALYSIS = YES;
				CLANG_WARN_STRICT_PROTOTYPES = YES;
				CLANG_WARN_SUSPICIOUS_MOVE = YES;
				CLANG_WARN_UNGUARDED_AVAILABILITY = YES_AGGRESSIVE;
				CLANG_WARN_UNREACHABLE_CODE = YES;
				CLANG_WARN__DUPLICATE_METHOD_MATCH = YES;
				COPY_PHASE_STRIP = NO;
				DEBUG_INFORMATION_FORMAT = "dwarf-with-dsym";
				ENABLE_NS_ASSERTIONS = NO;
				ENABLE_STRICT_OBJC_MSGSEND = YES;
				GCC_C_LANGUAGE_STANDARD = gnu11;
				GCC_NO_COMMON_BLOCKS = YES;
				GCC_WARN_64_TO_32_BIT_CONVERSION = YES;
				GCC_WARN_ABOUT_RETURN_TYPE = YES_ERROR;
				GCC_WARN_UNDECLARED_SELECTOR = YES;
				GCC_WARN_UNINITIALIZED_AUTOS = YES_AGGRESSIVE;
				GCC_WARN_UNUSED_FUNCTION = YES;
				GCC_WARN_UNUSED_VARIABLE = YES;
				IPHONEOS_DEPLOYMENT_TARGET = 15.5;
				MTL_ENABLE_DEBUG_INFO = NO;
				MTL_FAST_MATH = YES;
				SDKROOT = iphoneos;
				SWIFT_COMPILATION_MODE = wholemodule;
				SWIFT_OPTIMIZATION_LEVEL = "-O";
				VALIDATE_PRODUCT = YES;
			};
			name = Release;
		};
		BD3AD2EB28A3F0E800D1055E /* Debug */ = {
			isa = XCBuildConfiguration;
			buildSettings = {
				ASSETCATALOG_COMPILER_APPICON_NAME = AppIcon;
				ASSETCATALOG_COMPILER_GLOBAL_ACCENT_COLOR_NAME = AccentColor;
				CODE_SIGN_STYLE = Automatic;
				CURRENT_PROJECT_VERSION = 1;
				GENERATE_INFOPLIST_FILE = YES;
				INFOPLIST_FILE = "Intro-to-Xcode&Storyboard/Info.plist";
				INFOPLIST_KEY_UIApplicationSupportsIndirectInputEvents = YES;
				INFOPLIST_KEY_UILaunchStoryboardName = LaunchScreen;
				INFOPLIST_KEY_UIMainStoryboardFile = Main;
				INFOPLIST_KEY_UISupportedInterfaceOrientations_iPad = "UIInterfaceOrientationPortrait UIInterfaceOrientationPortraitUpsideDown UIInterfaceOrientationLandscapeLeft UIInterfaceOrientationLandscapeRight";
				INFOPLIST_KEY_UISupportedInterfaceOrientations_iPhone = "UIInterfaceOrientationPortrait UIInterfaceOrientationLandscapeLeft UIInterfaceOrientationLandscapeRight";
				LD_RUNPATH_SEARCH_PATHS = (
					"$(inherited)",
					"@executable_path/Frameworks",
				);
				MARKETING_VERSION = 1.0;
				PRODUCT_BUNDLE_IDENTIFIER = "kwk.Intro-to-Xcode-Storyboard";
				PRODUCT_NAME = "$(TARGET_NAME)";
				SWIFT_EMIT_LOC_STRINGS = YES;
				SWIFT_VERSION = 5.0;
				TARGETED_DEVICE_FAMILY = "1,2";
			};
			name = Debug;
		};
		BD3AD2EC28A3F0E800D1055E /* Release */ = {
			isa = XCBuildConfiguration;
			buildSettings = {
				ASSETCATALOG_COMPILER_APPICON_NAME = AppIcon;
				ASSETCATALOG_COMPILER_GLOBAL_ACCENT_COLOR_NAME = AccentColor;
				CODE_SIGN_STYLE = Automatic;
				CURRENT_PROJECT_VERSION = 1;
				GENERATE_INFOPLIST_FILE = YES;
				INFOPLIST_FILE = "Intro-to-Xcode&Storyboard/Info.plist";
				INFOPLIST_KEY_UIApplicationSupportsIndirectInputEvents = YES;
				INFOPLIST_KEY_UILaunchStoryboardName = LaunchScreen;
				INFOPLIST_KEY_UIMainStoryboardFile = Main;
				INFOPLIST_KEY_UISupportedInterfaceOrientations_iPad = "UIInterfaceOrientationPortrait UIInterfaceOrientationPortraitUpsideDown UIInterfaceOrientationLandscapeLeft UIInterfaceOrientationLandscapeRight";
				INFOPLIST_KEY_UISupportedInterfaceOrientations_iPhone = "UIInterfaceOrientationPortrait UIInterfaceOrientationLandscapeLeft UIInterfaceOrientationLandscapeRight";
				LD_RUNPATH_SEARCH_PATHS = (
					"$(inherited)",
					"@executable_path/Frameworks",
				);
				MARKETING_VERSION = 1.0;
				PRODUCT_BUNDLE_IDENTIFIER = "kwk.Intro-to-Xcode-Storyboard";
				PRODUCT_NAME = "$(TARGET_NAME)";
				SWIFT_EMIT_LOC_STRINGS = YES;
				SWIFT_VERSION = 5.0;
				TARGETED_DEVICE_FAMILY = "1,2";
			};
			name = Release;
		};
		BD3AD2EE28A3F0E800D1055E /* Debug */ = {
			isa = XCBuildConfiguration;
			buildSettings = {
				ALWAYS_EMBED_SWIFT_STANDARD_LIBRARIES = YES;
				BUNDLE_LOADER = "$(TEST_HOST)";
				CODE_SIGN_STYLE = Automatic;
				CURRENT_PROJECT_VERSION = 1;
				GENERATE_INFOPLIST_FILE = YES;
				IPHONEOS_DEPLOYMENT_TARGET = 15.5;
				MARKETING_VERSION = 1.0;
				PRODUCT_BUNDLE_IDENTIFIER = "kwk.Intro-to-Xcode-StoryboardTests";
				PRODUCT_NAME = "$(TARGET_NAME)";
				SWIFT_EMIT_LOC_STRINGS = NO;
				SWIFT_VERSION = 5.0;
				TARGETED_DEVICE_FAMILY = "1,2";
				TEST_HOST = "$(BUILT_PRODUCTS_DIR)/Intro-to-Xcode&Storyboard.app/Intro-to-Xcode&Storyboard";
			};
			name = Debug;
		};
		BD3AD2EF28A3F0E800D1055E /* Release */ = {
			isa = XCBuildConfiguration;
			buildSettings = {
				ALWAYS_EMBED_SWIFT_STANDARD_LIBRARIES = YES;
				BUNDLE_LOADER = "$(TEST_HOST)";
				CODE_SIGN_STYLE = Automatic;
				CURRENT_PROJECT_VERSION = 1;
				GENERATE_INFOPLIST_FILE = YES;
				IPHONEOS_DEPLOYMENT_TARGET = 15.5;
				MARKETING_VERSION = 1.0;
				PRODUCT_BUNDLE_IDENTIFIER = "kwk.Intro-to-Xcode-StoryboardTests";
				PRODUCT_NAME = "$(TARGET_NAME)";
				SWIFT_EMIT_LOC_STRINGS = NO;
				SWIFT_VERSION = 5.0;
				TARGETED_DEVICE_FAMILY = "1,2";
				TEST_HOST = "$(BUILT_PRODUCTS_DIR)/Intro-to-Xcode&Storyboard.app/Intro-to-Xcode&Storyboard";
			};
			name = Release;
		};
		BD3AD2F128A3F0E800D1055E /* Debug */ = {
			isa = XCBuildConfiguration;
			buildSettings = {
				ALWAYS_EMBED_SWIFT_STANDARD_LIBRARIES = YES;
				CODE_SIGN_STYLE = Automatic;
				CURRENT_PROJECT_VERSION = 1;
				GENERATE_INFOPLIST_FILE = YES;
				MARKETING_VERSION = 1.0;
				PRODUCT_BUNDLE_IDENTIFIER = "kwk.Intro-to-Xcode-StoryboardUITests";
				PRODUCT_NAME = "$(TARGET_NAME)";
				SWIFT_EMIT_LOC_STRINGS = NO;
				SWIFT_VERSION = 5.0;
				TARGETED_DEVICE_FAMILY = "1,2";
				TEST_TARGET_NAME = "Intro-to-Xcode&Storyboard";
			};
			name = Debug;
		};
		BD3AD2F228A3F0E800D1055E /* Release */ = {
			isa = XCBuildConfiguration;
			buildSettings = {
				ALWAYS_EMBED_SWIFT_STANDARD_LIBRARIES = YES;
				CODE_SIGN_STYLE = Automatic;
				CURRENT_PROJECT_VERSION = 1;
				GENERATE_INFOPLIST_FILE = YES;
				MARKETING_VERSION = 1.0;
				PRODUCT_BUNDLE_IDENTIFIER = "kwk.Intro-to-Xcode-StoryboardUITests";
				PRODUCT_NAME = "$(TARGET_NAME)";
				SWIFT_EMIT_LOC_STRINGS = NO;
				SWIFT_VERSION = 5.0;
				TARGETED_DEVICE_FAMILY = "1,2";
				TEST_TARGET_NAME = "Intro-to-Xcode&Storyboard";
			};
			name = Release;
		};
/* End XCBuildConfiguration section */

/* Begin XCConfigurationList section */
		BD3AD2B828A3F0E500D1055E /* Build configuration list for PBXProject "Intro-to-Xcode&Storyboard" */ = {
			isa = XCConfigurationList;
			buildConfigurations = (
				BD3AD2E828A3F0E800D1055E /* Debug */,
				BD3AD2E928A3F0E800D1055E /* Release */,
			);
			defaultConfigurationIsVisible = 0;
			defaultConfigurationName = Release;
		};
		BD3AD2EA28A3F0E800D1055E /* Build configuration list for PBXNativeTarget "Intro-to-Xcode&Storyboard" */ = {
			isa = XCConfigurationList;
			buildConfigurations = (
				BD3AD2EB28A3F0E800D1055E /* Debug */,
				BD3AD2EC28A3F0E800D1055E /* Release */,
			);
			defaultConfigurationIsVisible = 0;
			defaultConfigurationName = Release;
		};
		BD3AD2ED28A3F0E800D1055E /* Build configuration list for PBXNativeTarget "Intro-to-Xcode&StoryboardTests" */ = {
			isa = XCConfigurationList;
			buildConfigurations = (
				BD3AD2EE28A3F0E800D1055E /* Debug */,
				BD3AD2EF28A3F0E800D1055E /* Release */,
			);
			defaultConfigurationIsVisible = 0;
			defaultConfigurationName = Release;
		};
		BD3AD2F028A3F0E800D1055E /* Build configuration list for PBXNativeTarget "Intro-to-Xcode&StoryboardUITests" */ = {
			isa = XCConfigurationList;
			buildConfigurations = (
				BD3AD2F128A3F0E800D1055E /* Debug */,
				BD3AD2F228A3F0E800D1055E /* Release */,
			);
			defaultConfigurationIsVisible = 0;
			defaultConfigurationName = Release;
		};
/* End XCConfigurationList section */

/* Begin XCVersionGroup section */
		BD3AD2C928A3F0E500D1055E /* Intro_to_Xcode_Storyboard.xcdatamodeld */ = {
			isa = XCVersionGroup;
			children = (
				BD3AD2CA28A3F0E500D1055E /* Intro_to_Xcode_Storyboard.xcdatamodel */,
			);
			currentVersion = BD3AD2CA28A3F0E500D1055E /* Intro_to_Xcode_Storyboard.xcdatamodel */;
			path = Intro_to_Xcode_Storyboard.xcdatamodeld;
			sourceTree = "<group>";
			versionGroupType = wrapper.xcdatamodel;
		};
/* End XCVersionGroup section */
	};
	rootObject = BD3AD2B528A3F0E500D1055E /* Project object */;
}
